
Microsoft Visual Studio Solution File, Format Version 12.00
# Visual Studio Version 17
VisualStudioVersion = 17.2.32616.157
MinimumVisualStudioVersion = 10.0.40219.1
Project("{FAE04EC0-301F-11D3-BF4B-00C04F79EFBC}") = "Day16ExerciseWindowsFormsApp", "Day16ExerciseWindowsFormsApp\Day16ExerciseWindowsFormsApp.csproj", "{003C41B6-B169-46D6-A1DA-CA49CBD6FC15}"
EndProject
Global
	GlobalSection(SolutionConfigurationPlatforms) = preSolution
		Debug|Any CPU = Debug|Any CPU
		Release|Any CPU = Release|Any CPU
	EndGlobalSection
	GlobalSection(ProjectConfigurationPlatforms) = postSolution
		{003C41B6-B169-46D6-A1DA-CA49CBD6FC15}.Debug|Any CPU.ActiveCfg = Debug|Any CPU
		{003C41B6-B169-46D6-A1DA-CA49CBD6FC15}.Debug|Any CPU.Build.0 = Debug|Any CPU
		{003C41B6-B169-46D6-A1DA-CA49CBD6FC15}.Release|Any CPU.ActiveCfg = Release|Any CPU
		{003C41B6-B169-46D6-A1DA-CA49CBD6FC15}.Release|Any CPU.Build.0 = Release|Any CPU
	EndGlobalSection
	GlobalSection(SolutionProperties) = preSolution
		HideSolutionNode = FALSE
	EndGlobalSection
	GlobalSection(ExtensibilityGlobals) = postSolution
		SolutionGuid = {DAC0969B-0140-480F-BCAA-9E8D1F93C053}
	EndGlobalSection
EndGlobal
